<?xml version="1.0" encoding="utf-8"?>
<Project ToolsVersion="4.0" xmlns="http://schemas.microsoft.com/developer/msbuild/2003">
  <ItemGroup>
    <Filter Include="Source Files">
      <UniqueIdentifier>{4FC737F1-C7A5-4376-A066-2A32D752A2FF}</UniqueIdentifier>
      <Extensions>cpp;c;cc;cxx;def;odl;idl;hpj;bat;asm;asmx</Extensions>
    </Filter>
    <Filter Include="Header Files">
      <UniqueIdentifier>{93995380-89BD-4b04-88EB-625FBE52EBFB}</UniqueIdentifier>
      <Extensions>h;hpp;hxx;hm;inl;inc;xsd</Extensions>
    </Filter>
    <Filter Include="Resource Files">
      <UniqueIdentifier>{67DA6AB6-F800-4c08-8B7A-83BB121AAD01}</UniqueIdentifier>
      <Extensions>rc;ico;cur;bmp;dlg;rc2;rct;bin;rgs;gif;jpg;jpeg;jpe;resx;tiff;tif;png;wav</Extensions>
    </Filter>
  </ItemGroup>
  <ItemGroup>
    <ClCompile Include="zlib\adler32.c">
      <Filter>Source Files</Filter>
    </ClCompile>
    <ClCompile Include="Base64.cpp">
      <Filter>Source Files</Filter>
    </ClCompile>
    <ClCompile Include="commands.cpp">
      <Filter>Source Files</Filter>
    </ClCompile>
    <ClCompile Include="zlib\compress.c">
      <Filter>Source Files</Filter>
    </ClCompile>
    <ClCompile Include="zlib\crc32.c">
      <Filter>Source Files</Filter>
    </ClCompile>
    <ClCompile Include="zlib\deflate.c">
      <Filter>Source Files</Filter>
    </ClCompile>
    <ClCompile Include="hge\demo.cpp">
      <Filter>Source Files</Filter>
    </ClCompile>
    <ClCompile Include="hge\graphics.cpp">
      <Filter>Source Files</Filter>
    </ClCompile>
    <ClCompile Include="zlib\gzclose.c">
      <Filter>Source Files</Filter>
    </ClCompile>
    <ClCompile Include="zlib\gzlib.c">
      <Filter>Source Files</Filter>
    </ClCompile>
    <ClCompile Include="zlib\gzread.c">
      <Filter>Source Files</Filter>
    </ClCompile>
    <ClCompile Include="zlib\gzwrite.c">
      <Filter>Source Files</Filter>
    </ClCompile>
    <ClCompile Include="hgehelp\hgeanim.cpp">
      <Filter>Source Files</Filter>
    </ClCompile>
    <ClCompile Include="hgehelp\hgecolor.cpp">
      <Filter>Source Files</Filter>
    </ClCompile>
    <ClCompile Include="hgehelp\hgedistort.cpp">
      <Filter>Source Files</Filter>
    </ClCompile>
    <ClCompile Include="hgehelp\hgefont.cpp">
      <Filter>Source Files</Filter>
    </ClCompile>
    <ClCompile Include="hgehelp\hgegui.cpp">
      <Filter>Source Files</Filter>
    </ClCompile>
    <ClCompile Include="hgehelp\hgeguictrls.cpp">
      <Filter>Source Files</Filter>
    </ClCompile>
    <ClCompile Include="hgehelp\hgeparticlesys.cpp">
      <Filter>Source Files</Filter>
    </ClCompile>
    <ClCompile Include="hgehelp\hgepmanager.cpp">
      <Filter>Source Files</Filter>
    </ClCompile>
    <ClCompile Include="hgehelp\hgerect.cpp">
      <Filter>Source Files</Filter>
    </ClCompile>
    <ClCompile Include="hgehelp\hgeresource.cpp">
      <Filter>Source Files</Filter>
    </ClCompile>
    <ClCompile Include="hgehelp\hgesprite.cpp">
      <Filter>Source Files</Filter>
    </ClCompile>
    <ClCompile Include="hgehelp\hgestrings.cpp">
      <Filter>Source Files</Filter>
    </ClCompile>
    <ClCompile Include="hgehelp\hgevector.cpp">
      <Filter>Source Files</Filter>
    </ClCompile>
    <ClCompile Include="zlib\infback.c">
      <Filter>Source Files</Filter>
    </ClCompile>
    <ClCompile Include="zlib\inffast.c">
      <Filter>Source Files</Filter>
    </ClCompile>
    <ClCompile Include="zlib\inflate.c">
      <Filter>Source Files</Filter>
    </ClCompile>
    <ClCompile Include="zlib\inftrees.c">
      <Filter>Source Files</Filter>
    </ClCompile>
    <ClCompile Include="hge\ini.cpp">
      <Filter>Source Files</Filter>
    </ClCompile>
    <ClCompile Include="hge\input.cpp">
      <Filter>Source Files</Filter>
    </ClCompile>
    <ClCompile Include="OS_Vector.cpp">
      <Filter>Source Files</Filter>
    </ClCompile>
    <ClCompile Include="ParseFile.cpp">
      <Filter>Source Files</Filter>
    </ClCompile>
    <ClCompile Include="hgehelp\parser.cpp">
      <Filter>Source Files</Filter>
    </ClCompile>
    <ClCompile Include="particleed.cpp">
      <Filter>Source Files</Filter>
    </ClCompile>
    <ClCompile Include="ParticleEdit.cpp">
      <Filter>Source Files</Filter>
    </ClCompile>
    <ClCompile Include="ParticleEditDlg.cpp">
      <Filter>Source Files</Filter>
    </ClCompile>
    <ClCompile Include="hgehelp\ParticleUpdate.cpp">
      <Filter>Source Files</Filter>
    </ClCompile>
    <ClCompile Include="png\png.c">
      <Filter>Source Files</Filter>
    </ClCompile>
    <ClCompile Include="png\pngerror.c">
      <Filter>Source Files</Filter>
    </ClCompile>
    <ClCompile Include="png\pngget.c">
      <Filter>Source Files</Filter>
    </ClCompile>
    <ClCompile Include="png\pngmem.c">
      <Filter>Source Files</Filter>
    </ClCompile>
    <ClCompile Include="png\pngpread.c">
      <Filter>Source Files</Filter>
    </ClCompile>
    <ClCompile Include="png\pngread.c">
      <Filter>Source Files</Filter>
    </ClCompile>
    <ClCompile Include="png\pngrio.c">
      <Filter>Source Files</Filter>
    </ClCompile>
    <ClCompile Include="png\pngrtran.c">
      <Filter>Source Files</Filter>
    </ClCompile>
    <ClCompile Include="png\pngrutil.c">
      <Filter>Source Files</Filter>
    </ClCompile>
    <ClCompile Include="png\pngset.c">
      <Filter>Source Files</Filter>
    </ClCompile>
    <ClCompile Include="png\pngtest.c">
      <Filter>Source Files</Filter>
    </ClCompile>
    <ClCompile Include="png\pngtrans.c">
      <Filter>Source Files</Filter>
    </ClCompile>
    <ClCompile Include="png\pngwio.c">
      <Filter>Source Files</Filter>
    </ClCompile>
    <ClCompile Include="png\pngwrite.c">
      <Filter>Source Files</Filter>
    </ClCompile>
    <ClCompile Include="png\pngwtran.c">
      <Filter>Source Files</Filter>
    </ClCompile>
    <ClCompile Include="png\pngwutil.c">
      <Filter>Source Files</Filter>
    </ClCompile>
    <ClCompile Include="hge\power.cpp">
      <Filter>Source Files</Filter>
    </ClCompile>
    <ClCompile Include="hge\random.cpp">
      <Filter>Source Files</Filter>
    </ClCompile>
    <ClCompile Include="hge\resource.cpp">
      <Filter>Source Files</Filter>
    </ClCompile>
    <ClCompile Include="hgehelp\resources.cpp">
      <Filter>Source Files</Filter>
    </ClCompile>
    <ClCompile Include="hge\sound.cpp">
      <Filter>Source Files</Filter>
    </ClCompile>
    <ClCompile Include="stdafx.cpp">
      <Filter>Source Files</Filter>
    </ClCompile>
    <ClCompile Include="hge\system.cpp">
      <Filter>Source Files</Filter>
    </ClCompile>
    <ClCompile Include="ximage\tif_xfile.cpp">
      <Filter>Source Files</Filter>
    </ClCompile>
    <ClCompile Include="hge\timer.cpp">
      <Filter>Source Files</Filter>
    </ClCompile>
    <ClCompile Include="xml\tinystr.cpp">
      <Filter>Source Files</Filter>
    </ClCompile>
    <ClCompile Include="xml\tinyxml.cpp">
      <Filter>Source Files</Filter>
    </ClCompile>
    <ClCompile Include="xml\tinyxmlerror.cpp">
      <Filter>Source Files</Filter>
    </ClCompile>
    <ClCompile Include="xml\tinyxmlparser.cpp">
      <Filter>Source Files</Filter>
    </ClCompile>
    <ClCompile Include="zlib\trees.c">
      <Filter>Source Files</Filter>
    </ClCompile>
    <ClCompile Include="zlib\uncompr.c">
      <Filter>Source Files</Filter>
    </ClCompile>
    <ClCompile Include="ximage\ximabmp.cpp">
      <Filter>Source Files</Filter>
    </ClCompile>
    <ClCompile Include="ximage\ximadsp.cpp">
      <Filter>Source Files</Filter>
    </ClCompile>
    <ClCompile Include="ximage\ximaenc.cpp">
      <Filter>Source Files</Filter>
    </ClCompile>
    <ClCompile Include="ximage\ximaexif.cpp">
      <Filter>Source Files</Filter>
    </ClCompile>
    <ClCompile Include="ximage\ximage.cpp">
      <Filter>Source Files</Filter>
    </ClCompile>
    <ClCompile Include="ximage\ximagif.cpp">
      <Filter>Source Files</Filter>
    </ClCompile>
    <ClCompile Include="ximage\ximahist.cpp">
      <Filter>Source Files</Filter>
    </ClCompile>
    <ClCompile Include="ximage\ximaico.cpp">
      <Filter>Source Files</Filter>
    </ClCompile>
    <ClCompile Include="ximage\ximainfo.cpp">
      <Filter>Source Files</Filter>
    </ClCompile>
    <ClCompile Include="ximage\ximaint.cpp">
      <Filter>Source Files</Filter>
    </ClCompile>
    <ClCompile Include="ximage\ximajas.cpp">
      <Filter>Source Files</Filter>
    </ClCompile>
    <ClCompile Include="ximage\ximajbg.cpp">
      <Filter>Source Files</Filter>
    </ClCompile>
    <ClCompile Include="ximage\ximajpg.cpp">
      <Filter>Source Files</Filter>
    </ClCompile>
    <ClCompile Include="ximage\ximalpha.cpp">
      <Filter>Source Files</Filter>
    </ClCompile>
    <ClCompile Include="ximage\ximalyr.cpp">
      <Filter>Source Files</Filter>
    </ClCompile>
    <ClCompile Include="ximage\ximamng.cpp">
      <Filter>Source Files</Filter>
    </ClCompile>
    <ClCompile Include="ximage\ximapal.cpp">
      <Filter>Source Files</Filter>
    </ClCompile>
    <ClCompile Include="ximage\ximapcx.cpp">
      <Filter>Source Files</Filter>
    </ClCompile>
    <ClCompile Include="ximage\ximapng.cpp">
      <Filter>Source Files</Filter>
    </ClCompile>
    <ClCompile Include="ximage\ximapsd.cpp">
      <Filter>Source Files</Filter>
    </ClCompile>
    <ClCompile Include="ximage\ximaraw.cpp">
      <Filter>Source Files</Filter>
    </ClCompile>
    <ClCompile Include="ximage\ximasel.cpp">
      <Filter>Source Files</Filter>
    </ClCompile>
    <ClCompile Include="ximage\ximaska.cpp">
      <Filter>Source Files</Filter>
    </ClCompile>
    <ClCompile Include="ximage\ximatga.cpp">
      <Filter>Source Files</Filter>
    </ClCompile>
    <ClCompile Include="ximage\ximath.cpp">
      <Filter>Source Files</Filter>
    </ClCompile>
    <ClCompile Include="ximage\ximatif.cpp">
      <Filter>Source Files</Filter>
    </ClCompile>
    <ClCompile Include="ximage\ximatran.cpp">
      <Filter>Source Files</Filter>
    </ClCompile>
    <ClCompile Include="ximage\ximawmf.cpp">
      <Filter>Source Files</Filter>
    </ClCompile>
    <ClCompile Include="ximage\ximawnd.cpp">
      <Filter>Source Files</Filter>
    </ClCompile>
    <ClCompile Include="ximage\xmemfile.cpp">
      <Filter>Source Files</Filter>
    </ClCompile>
    <ClCompile Include="zlib\zutil.c">
      <Filter>Source Files</Filter>
    </ClCompile>
  </ItemGroup>
  <ItemGroup>
    <ClInclude Include="Base64.h">
      <Filter>Header Files</Filter>
    </ClInclude>
    <ClInclude Include="hge\BASS\bass.h">
      <Filter>Header Files</Filter>
    </ClInclude>
    <ClInclude Include="zlib\crc32.h">
      <Filter>Header Files</Filter>
    </ClInclude>
    <ClInclude Include="zlib\deflate.h">
      <Filter>Header Files</Filter>
    </ClInclude>
    <ClInclude Include="GLDef.h">
      <Filter>Header Files</Filter>
    </ClInclude>
    <ClInclude Include="zlib\gzguts.h">
      <Filter>Header Files</Filter>
    </ClInclude>
    <ClInclude Include="hge\hge.h">
      <Filter>Header Files</Filter>
    </ClInclude>
    <ClInclude Include="hge\hge_impl.h">
      <Filter>Header Files</Filter>
    </ClInclude>
    <ClInclude Include="hgehelp\hgeanim.h">
      <Filter>Header Files</Filter>
    </ClInclude>
    <ClInclude Include="hgehelp\hgecolor.h">
      <Filter>Header Files</Filter>
    </ClInclude>
    <ClInclude Include="hgehelp\hgedistort.h">
      <Filter>Header Files</Filter>
    </ClInclude>
    <ClInclude Include="hgehelp\hgefont.h">
      <Filter>Header Files</Filter>
    </ClInclude>
    <ClInclude Include="hgehelp\hgegui.h">
      <Filter>Header Files</Filter>
    </ClInclude>
    <ClInclude Include="hgehelp\hgeguictrls.h">
      <Filter>Header Files</Filter>
    </ClInclude>
    <ClInclude Include="hgehelp\hgeparticlesys.h">
      <Filter>Header Files</Filter>
    </ClInclude>
    <ClInclude Include="hge\hgepmanager.h">
      <Filter>Header Files</Filter>
    </ClInclude>
    <ClInclude Include="hgehelp\hgerect.h">
      <Filter>Header Files</Filter>
    </ClInclude>
    <ClInclude Include="hgehelp\hgeresource.h">
      <Filter>Header Files</Filter>
    </ClInclude>
    <ClInclude Include="hgehelp\hgesprite.h">
      <Filter>Header Files</Filter>
    </ClInclude>
    <ClInclude Include="hgehelp\hgestrings.h">
      <Filter>Header Files</Filter>
    </ClInclude>
    <ClInclude Include="hgehelp\hgevector.h">
      <Filter>Header Files</Filter>
    </ClInclude>
    <ClInclude Include="zlib\inffast.h">
      <Filter>Header Files</Filter>
    </ClInclude>
    <ClInclude Include="zlib\inffixed.h">
      <Filter>Header Files</Filter>
    </ClInclude>
    <ClInclude Include="zlib\inflate.h">
      <Filter>Header Files</Filter>
    </ClInclude>
    <ClInclude Include="zlib\inftrees.h">
      <Filter>Header Files</Filter>
    </ClInclude>
    <ClInclude Include="OS_Vector.h">
      <Filter>Header Files</Filter>
    </ClInclude>
    <ClInclude Include="ParseFile.h">
      <Filter>Header Files</Filter>
    </ClInclude>
    <ClInclude Include="hgehelp\parser.h">
      <Filter>Header Files</Filter>
    </ClInclude>
    <ClInclude Include="particleed.h">
      <Filter>Header Files</Filter>
    </ClInclude>
    <ClInclude Include="ParticleEdit.h">
      <Filter>Header Files</Filter>
    </ClInclude>
    <ClInclude Include="ParticleEditDlg.h">
      <Filter>Header Files</Filter>
    </ClInclude>
    <ClInclude Include="hgehelp\ParticleInfo.h">
      <Filter>Header Files</Filter>
    </ClInclude>
    <ClInclude Include="png\png.h">
      <Filter>Header Files</Filter>
    </ClInclude>
    <ClInclude Include="png\pngconf.h">
      <Filter>Header Files</Filter>
    </ClInclude>
    <ClInclude Include="png\pngdebug.h">
      <Filter>Header Files</Filter>
    </ClInclude>
    <ClInclude Include="png\pnginfo.h">
      <Filter>Header Files</Filter>
    </ClInclude>
    <ClInclude Include="png\pnglibconf.h">
      <Filter>Header Files</Filter>
    </ClInclude>
    <ClInclude Include="png\pngpriv.h">
      <Filter>Header Files</Filter>
    </ClInclude>
    <ClInclude Include="png\pngstruct.h">
      <Filter>Header Files</Filter>
    </ClInclude>
    <ClInclude Include="Resource.h">
      <Filter>Header Files</Filter>
    </ClInclude>
    <ClInclude Include="hgehelp\resources.h">
      <Filter>Header Files</Filter>
    </ClInclude>
    <ClInclude Include="stdafx.h">
      <Filter>Header Files</Filter>
    </ClInclude>
    <ClInclude Include="ximage\stdint.h">
      <Filter>Header Files</Filter>
    </ClInclude>
    <ClInclude Include="xml\tinystr.h">
      <Filter>Header Files</Filter>
    </ClInclude>
    <ClInclude Include="xml\tinyxml.h">
      <Filter>Header Files</Filter>
    </ClInclude>
    <ClInclude Include="zlib\trees.h">
      <Filter>Header Files</Filter>
    </ClInclude>
    <ClInclude Include="ximage\xfile.h">
      <Filter>Header Files</Filter>
    </ClInclude>
    <ClInclude Include="ximage\ximabmp.h">
      <Filter>Header Files</Filter>
    </ClInclude>
    <ClInclude Include="ximage\ximacfg.h">
      <Filter>Header Files</Filter>
    </ClInclude>
    <ClInclude Include="ximage\ximadef.h">
      <Filter>Header Files</Filter>
    </ClInclude>
    <ClInclude Include="ximage\ximage.h">
      <Filter>Header Files</Filter>
    </ClInclude>
    <ClInclude Include="ximage\ximagif.h">
      <Filter>Header Files</Filter>
    </ClInclude>
    <ClInclude Include="ximage\ximaico.h">
      <Filter>Header Files</Filter>
    </ClInclude>
    <ClInclude Include="ximage\ximaiter.h">
      <Filter>Header Files</Filter>
    </ClInclude>
    <ClInclude Include="ximage\ximajas.h">
      <Filter>Header Files</Filter>
    </ClInclude>
    <ClInclude Include="ximage\ximajbg.h">
      <Filter>Header Files</Filter>
    </ClInclude>
    <ClInclude Include="ximage\ximajpg.h">
      <Filter>Header Files</Filter>
    </ClInclude>
    <ClInclude Include="ximage\ximamng.h">
      <Filter>Header Files</Filter>
    </ClInclude>
    <ClInclude Include="ximage\ximapcx.h">
      <Filter>Header Files</Filter>
    </ClInclude>
    <ClInclude Include="ximage\ximapng.h">
      <Filter>Header Files</Filter>
    </ClInclude>
    <ClInclude Include="ximage\ximapsd.h">
      <Filter>Header Files</Filter>
    </ClInclude>
    <ClInclude Include="ximage\ximaraw.h">
      <Filter>Header Files</Filter>
    </ClInclude>
    <ClInclude Include="ximage\ximaska.h">
      <Filter>Header Files</Filter>
    </ClInclude>
    <ClInclude Include="ximage\ximatga.h">
      <Filter>Header Files</Filter>
    </ClInclude>
    <ClInclude Include="ximage\ximath.h">
      <Filter>Header Files</Filter>
    </ClInclude>
    <ClInclude Include="ximage\ximatif.h">
      <Filter>Header Files</Filter>
    </ClInclude>
    <ClInclude Include="ximage\ximawmf.h">
      <Filter>Header Files</Filter>
    </ClInclude>
    <ClInclude Include="ximage\xiofile.h">
      <Filter>Header Files</Filter>
    </ClInclude>
    <ClInclude Include="ximage\xmemfile.h">
      <Filter>Header Files</Filter>
    </ClInclude>
    <ClInclude Include="zlib\zconf.h">
      <Filter>Header Files</Filter>
    </ClInclude>
    <ClInclude Include="zlib\zlib.h">
      <Filter>Header Files</Filter>
    </ClInclude>
    <ClInclude Include="zlib\zutil.h">
      <Filter>Header Files</Filter>
    </ClInclude>
  </ItemGroup>
  <ItemGroup>
    <Image Include="res\ParticleEdit.ico">
      <Filter>Resource Files</Filter>
    </Image>
  </ItemGroup>
  <ItemGroup>
    <ResourceCompile Include="ParticleEdit.rc">
      <Filter>Resource Files</Filter>
    </ResourceCompile>
  </ItemGroup>
  <ItemGroup>
    <None Include="res\ParticleEdit.rc2">
      <Filter>Resource Files</Filter>
    </None>
  </ItemGroup>
  <ItemGroup>
    <Text Include="ReadMe.txt" />
  </ItemGroup>
</Project>